
Microsoft Visual Studio Solution File, Format Version 12.00
# Visual Studio Version 16
VisualStudioVersion = 16.0.30907.101
MinimumVisualStudioVersion = 10.0.40219.1
Project("{FAE04EC0-301F-11D3-BF4B-00C04F79EFBC}") = "GameStoreDemo", "GameStoreDemo\GameStoreDemo.csproj", "{CABAC9C0-9ED4-4D5C-AB22-F8E4CA5CE723}"
EndProject
Global
	GlobalSection(SolutionConfigurationPlatforms) = preSolution
		Debug|Any CPU = Debug|Any CPU
		Release|Any CPU = Release|Any CPU
	EndGlobalSection
	GlobalSection(ProjectConfigurationPlatforms) = postSolution
		{CABAC9C0-9ED4-4D5C-AB22-F8E4CA5CE723}.Debug|Any CPU.ActiveCfg = Debug|Any CPU
		{CABAC9C0-9ED4-4D5C-AB22-F8E4CA5CE723}.Debug|Any CPU.Build.0 = Debug|Any CPU
		{CABAC9C0-9ED4-4D5C-AB22-F8E4CA5CE723}.Release|Any CPU.ActiveCfg = Release|Any CPU
		{CABAC9C0-9ED4-4D5C-AB22-F8E4CA5CE723}.Release|Any CPU.Build.0 = Release|Any CPU
	EndGlobalSection
	GlobalSection(SolutionProperties) = preSolution
		HideSolutionNode = FALSE
	EndGlobalSection
	GlobalSection(ExtensibilityGlobals) = postSolution
		SolutionGuid = {E30864C4-AE33-4020-91AB-957C61BCCE3D}
	EndGlobalSection
EndGlobal
