
Microsoft Visual Studio Solution File, Format Version 12.00
# Visual Studio Version 16
VisualStudioVersion = 16.0.30907.101
MinimumVisualStudioVersion = 10.0.40219.1
Project("{FAE04EC0-301F-11D3-BF4B-00C04F79EFBC}") = "Ref_Out", "Ref_Out\Ref_Out.csproj", "{8D534C2E-B30F-45F4-9AD8-C5535C0233BC}"
EndProject
Global
	GlobalSection(SolutionConfigurationPlatforms) = preSolution
		Debug|Any CPU = Debug|Any CPU
		Release|Any CPU = Release|Any CPU
	EndGlobalSection
	GlobalSection(ProjectConfigurationPlatforms) = postSolution
		{8D534C2E-B30F-45F4-9AD8-C5535C0233BC}.Debug|Any CPU.ActiveCfg = Debug|Any CPU
		{8D534C2E-B30F-45F4-9AD8-C5535C0233BC}.Debug|Any CPU.Build.0 = Debug|Any CPU
		{8D534C2E-B30F-45F4-9AD8-C5535C0233BC}.Release|Any CPU.ActiveCfg = Release|Any CPU
		{8D534C2E-B30F-45F4-9AD8-C5535C0233BC}.Release|Any CPU.Build.0 = Release|Any CPU
	EndGlobalSection
	GlobalSection(SolutionProperties) = preSolution
		HideSolutionNode = FALSE
	EndGlobalSection
	GlobalSection(ExtensibilityGlobals) = postSolution
		SolutionGuid = {F5058C95-1722-4771-97A0-AA71044F1AAB}
	EndGlobalSection
EndGlobal
