
Microsoft Visual Studio Solution File, Format Version 12.00
# Visual Studio Version 16
VisualStudioVersion = 16.0.30907.101
MinimumVisualStudioVersion = 10.0.40219.1
Project("{FAE04EC0-301F-11D3-BF4B-00C04F79EFBC}") = "Interfaces", "Interfaces\Interfaces.csproj", "{0C591C69-3303-48E4-B53C-D62B85686294}"
EndProject
Global
	GlobalSection(SolutionConfigurationPlatforms) = preSolution
		Debug|Any CPU = Debug|Any CPU
		Release|Any CPU = Release|Any CPU
	EndGlobalSection
	GlobalSection(ProjectConfigurationPlatforms) = postSolution
		{0C591C69-3303-48E4-B53C-D62B85686294}.Debug|Any CPU.ActiveCfg = Debug|Any CPU
		{0C591C69-3303-48E4-B53C-D62B85686294}.Debug|Any CPU.Build.0 = Debug|Any CPU
		{0C591C69-3303-48E4-B53C-D62B85686294}.Release|Any CPU.ActiveCfg = Release|Any CPU
		{0C591C69-3303-48E4-B53C-D62B85686294}.Release|Any CPU.Build.0 = Release|Any CPU
	EndGlobalSection
	GlobalSection(SolutionProperties) = preSolution
		HideSolutionNode = FALSE
	EndGlobalSection
	GlobalSection(ExtensibilityGlobals) = postSolution
		SolutionGuid = {6CF65739-6C71-4A90-BAB8-5C2E059C9F96}
	EndGlobalSection
EndGlobal
