
Microsoft Visual Studio Solution File, Format Version 12.00
# Visual Studio Version 16
VisualStudioVersion = 16.0.30804.86
MinimumVisualStudioVersion = 10.0.40219.1
Project("{9A19103F-16F7-4668-BE54-9A1E7A4F7556}") = "KampIntro", "KampIntro\KampIntro.csproj", "{4B93DA01-864A-4290-B5BE-DA24A11016C1}"
EndProject
Project("{9A19103F-16F7-4668-BE54-9A1E7A4F7556}") = "Loops", "Loops\Loops.csproj", "{4EEC25B1-C334-4140-BBE2-67209EBA0A1A}"
EndProject
Project("{9A19103F-16F7-4668-BE54-9A1E7A4F7556}") = "ClassIntro", "ClassIntro\ClassIntro.csproj", "{F1C31486-8C1A-4E40-983F-DF13B16A5276}"
EndProject
Project("{FAE04EC0-301F-11D3-BF4B-00C04F79EFBC}") = "Metotlar", "Metotlar\Metotlar.csproj", "{E5AD879A-4102-464D-96F4-EA71D5785190}"
EndProject
Project("{FAE04EC0-301F-11D3-BF4B-00C04F79EFBC}") = "Matematik", "Matematik\Matematik.csproj", "{25B22EDE-EE03-4B63-9FF8-7E099475E099}"
EndProject
Project("{FAE04EC0-301F-11D3-BF4B-00C04F79EFBC}") = "DegerVeReferansTipler", "DegerVeReferansTipler\DegerVeReferansTipler.csproj", "{559DD550-9993-487F-9B17-22D2D7C1B3C9}"
EndProject
Global
	GlobalSection(SolutionConfigurationPlatforms) = preSolution
		Debug|Any CPU = Debug|Any CPU
		Release|Any CPU = Release|Any CPU
	EndGlobalSection
	GlobalSection(ProjectConfigurationPlatforms) = postSolution
		{4B93DA01-864A-4290-B5BE-DA24A11016C1}.Debug|Any CPU.ActiveCfg = Debug|Any CPU
		{4B93DA01-864A-4290-B5BE-DA24A11016C1}.Debug|Any CPU.Build.0 = Debug|Any CPU
		{4B93DA01-864A-4290-B5BE-DA24A11016C1}.Release|Any CPU.ActiveCfg = Release|Any CPU
		{4B93DA01-864A-4290-B5BE-DA24A11016C1}.Release|Any CPU.Build.0 = Release|Any CPU
		{4EEC25B1-C334-4140-BBE2-67209EBA0A1A}.Debug|Any CPU.ActiveCfg = Debug|Any CPU
		{4EEC25B1-C334-4140-BBE2-67209EBA0A1A}.Debug|Any CPU.Build.0 = Debug|Any CPU
		{4EEC25B1-C334-4140-BBE2-67209EBA0A1A}.Release|Any CPU.ActiveCfg = Release|Any CPU
		{4EEC25B1-C334-4140-BBE2-67209EBA0A1A}.Release|Any CPU.Build.0 = Release|Any CPU
		{F1C31486-8C1A-4E40-983F-DF13B16A5276}.Debug|Any CPU.ActiveCfg = Debug|Any CPU
		{F1C31486-8C1A-4E40-983F-DF13B16A5276}.Debug|Any CPU.Build.0 = Debug|Any CPU
		{F1C31486-8C1A-4E40-983F-DF13B16A5276}.Release|Any CPU.ActiveCfg = Release|Any CPU
		{F1C31486-8C1A-4E40-983F-DF13B16A5276}.Release|Any CPU.Build.0 = Release|Any CPU
		{E5AD879A-4102-464D-96F4-EA71D5785190}.Debug|Any CPU.ActiveCfg = Debug|Any CPU
		{E5AD879A-4102-464D-96F4-EA71D5785190}.Debug|Any CPU.Build.0 = Debug|Any CPU
		{E5AD879A-4102-464D-96F4-EA71D5785190}.Release|Any CPU.ActiveCfg = Release|Any CPU
		{E5AD879A-4102-464D-96F4-EA71D5785190}.Release|Any CPU.Build.0 = Release|Any CPU
		{25B22EDE-EE03-4B63-9FF8-7E099475E099}.Debug|Any CPU.ActiveCfg = Debug|Any CPU
		{25B22EDE-EE03-4B63-9FF8-7E099475E099}.Debug|Any CPU.Build.0 = Debug|Any CPU
		{25B22EDE-EE03-4B63-9FF8-7E099475E099}.Release|Any CPU.ActiveCfg = Release|Any CPU
		{25B22EDE-EE03-4B63-9FF8-7E099475E099}.Release|Any CPU.Build.0 = Release|Any CPU
		{559DD550-9993-487F-9B17-22D2D7C1B3C9}.Debug|Any CPU.ActiveCfg = Debug|Any CPU
		{559DD550-9993-487F-9B17-22D2D7C1B3C9}.Debug|Any CPU.Build.0 = Debug|Any CPU
		{559DD550-9993-487F-9B17-22D2D7C1B3C9}.Release|Any CPU.ActiveCfg = Release|Any CPU
		{559DD550-9993-487F-9B17-22D2D7C1B3C9}.Release|Any CPU.Build.0 = Release|Any CPU
	EndGlobalSection
	GlobalSection(SolutionProperties) = preSolution
		HideSolutionNode = FALSE
	EndGlobalSection
	GlobalSection(ExtensibilityGlobals) = postSolution
		SolutionGuid = {27E07859-CAAA-4123-8582-4E79E561A677}
	EndGlobalSection
EndGlobal
