
Microsoft Visual Studio Solution File, Format Version 12.00
# Visual Studio Version 16
VisualStudioVersion = 16.0.30907.101
MinimumVisualStudioVersion = 10.0.40219.1
Project("{FAE04EC0-301F-11D3-BF4B-00C04F79EFBC}") = "ClassMetotDemo", "ClassMetotDemo\ClassMetotDemo.csproj", "{8648A0E3-2DAD-418B-B428-6094A0ADD3CA}"
EndProject
Global
	GlobalSection(SolutionConfigurationPlatforms) = preSolution
		Debug|Any CPU = Debug|Any CPU
		Release|Any CPU = Release|Any CPU
	EndGlobalSection
	GlobalSection(ProjectConfigurationPlatforms) = postSolution
		{8648A0E3-2DAD-418B-B428-6094A0ADD3CA}.Debug|Any CPU.ActiveCfg = Debug|Any CPU
		{8648A0E3-2DAD-418B-B428-6094A0ADD3CA}.Debug|Any CPU.Build.0 = Debug|Any CPU
		{8648A0E3-2DAD-418B-B428-6094A0ADD3CA}.Release|Any CPU.ActiveCfg = Release|Any CPU
		{8648A0E3-2DAD-418B-B428-6094A0ADD3CA}.Release|Any CPU.Build.0 = Release|Any CPU
	EndGlobalSection
	GlobalSection(SolutionProperties) = preSolution
		HideSolutionNode = FALSE
	EndGlobalSection
	GlobalSection(ExtensibilityGlobals) = postSolution
		SolutionGuid = {E046FBB8-36CB-4651-A8E8-7AA965B99106}
	EndGlobalSection
EndGlobal
