
Microsoft Visual Studio Solution File, Format Version 12.00
# Visual Studio Version 16
VisualStudioVersion = 16.0.30907.101
MinimumVisualStudioVersion = 10.0.40219.1
Project("{FAE04EC0-301F-11D3-BF4B-00C04F79EFBC}") = "Generics", "Generics\Generics.csproj", "{3BD2FCE4-8144-4C42-93AE-084F4650D034}"
EndProject
Global
	GlobalSection(SolutionConfigurationPlatforms) = preSolution
		Debug|Any CPU = Debug|Any CPU
		Release|Any CPU = Release|Any CPU
	EndGlobalSection
	GlobalSection(ProjectConfigurationPlatforms) = postSolution
		{3BD2FCE4-8144-4C42-93AE-084F4650D034}.Debug|Any CPU.ActiveCfg = Debug|Any CPU
		{3BD2FCE4-8144-4C42-93AE-084F4650D034}.Debug|Any CPU.Build.0 = Debug|Any CPU
		{3BD2FCE4-8144-4C42-93AE-084F4650D034}.Release|Any CPU.ActiveCfg = Release|Any CPU
		{3BD2FCE4-8144-4C42-93AE-084F4650D034}.Release|Any CPU.Build.0 = Release|Any CPU
	EndGlobalSection
	GlobalSection(SolutionProperties) = preSolution
		HideSolutionNode = FALSE
	EndGlobalSection
	GlobalSection(ExtensibilityGlobals) = postSolution
		SolutionGuid = {689C3CE4-46F8-453B-88EF-A4EB64EDF8F1}
	EndGlobalSection
EndGlobal
