
Microsoft Visual Studio Solution File, Format Version 12.00
# Visual Studio Version 16
VisualStudioVersion = 16.0.30907.101
MinimumVisualStudioVersion = 10.0.40219.1
Project("{FAE04EC0-301F-11D3-BF4B-00C04F79EFBC}") = "EntityFrameworkDemo", "EntityFrameworkDemo\EntityFrameworkDemo.csproj", "{D2391443-5E43-4490-A216-8001F2B150B2}"
EndProject
Global
	GlobalSection(SolutionConfigurationPlatforms) = preSolution
		Debug|Any CPU = Debug|Any CPU
		Release|Any CPU = Release|Any CPU
	EndGlobalSection
	GlobalSection(ProjectConfigurationPlatforms) = postSolution
		{D2391443-5E43-4490-A216-8001F2B150B2}.Debug|Any CPU.ActiveCfg = Debug|Any CPU
		{D2391443-5E43-4490-A216-8001F2B150B2}.Debug|Any CPU.Build.0 = Debug|Any CPU
		{D2391443-5E43-4490-A216-8001F2B150B2}.Release|Any CPU.ActiveCfg = Release|Any CPU
		{D2391443-5E43-4490-A216-8001F2B150B2}.Release|Any CPU.Build.0 = Release|Any CPU
	EndGlobalSection
	GlobalSection(SolutionProperties) = preSolution
		HideSolutionNode = FALSE
	EndGlobalSection
	GlobalSection(ExtensibilityGlobals) = postSolution
		SolutionGuid = {6608111D-E28E-44D4-B02A-5A3584CC017F}
	EndGlobalSection
EndGlobal
