
Microsoft Visual Studio Solution File, Format Version 12.00
# Visual Studio Version 16
VisualStudioVersion = 16.0.30907.101
MinimumVisualStudioVersion = 10.0.40219.1
Project("{FAE04EC0-301F-11D3-BF4B-00C04F79EFBC}") = "MyDictionary", "MyDictionary\MyDictionary.csproj", "{357FD0E6-976E-40AD-B764-1E13CF88ED7C}"
EndProject
Global
	GlobalSection(SolutionConfigurationPlatforms) = preSolution
		Debug|Any CPU = Debug|Any CPU
		Release|Any CPU = Release|Any CPU
	EndGlobalSection
	GlobalSection(ProjectConfigurationPlatforms) = postSolution
		{357FD0E6-976E-40AD-B764-1E13CF88ED7C}.Debug|Any CPU.ActiveCfg = Debug|Any CPU
		{357FD0E6-976E-40AD-B764-1E13CF88ED7C}.Debug|Any CPU.Build.0 = Debug|Any CPU
		{357FD0E6-976E-40AD-B764-1E13CF88ED7C}.Release|Any CPU.ActiveCfg = Release|Any CPU
		{357FD0E6-976E-40AD-B764-1E13CF88ED7C}.Release|Any CPU.Build.0 = Release|Any CPU
	EndGlobalSection
	GlobalSection(SolutionProperties) = preSolution
		HideSolutionNode = FALSE
	EndGlobalSection
	GlobalSection(ExtensibilityGlobals) = postSolution
		SolutionGuid = {D49BABAE-65CE-4D4C-8DDD-42DC3726695A}
	EndGlobalSection
EndGlobal
