
Microsoft Visual Studio Solution File, Format Version 12.00
# Visual Studio Version 16
VisualStudioVersion = 16.0.30907.101
MinimumVisualStudioVersion = 10.0.40219.1
Project("{FAE04EC0-301F-11D3-BF4B-00C04F79EFBC}") = "Events", "Events\Events.csproj", "{174B582E-2E4B-4A81-941E-1D7D2C571F1C}"
EndProject
Global
	GlobalSection(SolutionConfigurationPlatforms) = preSolution
		Debug|Any CPU = Debug|Any CPU
		Release|Any CPU = Release|Any CPU
	EndGlobalSection
	GlobalSection(ProjectConfigurationPlatforms) = postSolution
		{174B582E-2E4B-4A81-941E-1D7D2C571F1C}.Debug|Any CPU.ActiveCfg = Debug|Any CPU
		{174B582E-2E4B-4A81-941E-1D7D2C571F1C}.Debug|Any CPU.Build.0 = Debug|Any CPU
		{174B582E-2E4B-4A81-941E-1D7D2C571F1C}.Release|Any CPU.ActiveCfg = Release|Any CPU
		{174B582E-2E4B-4A81-941E-1D7D2C571F1C}.Release|Any CPU.Build.0 = Release|Any CPU
	EndGlobalSection
	GlobalSection(SolutionProperties) = preSolution
		HideSolutionNode = FALSE
	EndGlobalSection
	GlobalSection(ExtensibilityGlobals) = postSolution
		SolutionGuid = {FE0B9746-7FEB-4E25-8C12-C9547E8BD161}
	EndGlobalSection
EndGlobal
